Microsoft Visual Studio Solution File, Format Version 11.00
# Visual Studio 2008

Project("{7231D4A5-F8D4-D740-12EF-8FC0ED54C3B0}") = "UnityTBG", "Assembly-CSharp-firstpass.csproj", "{95C9AE57-09CC-7545-326B-7AFB048489A5}"
EndProject
Project("{7231D4A5-F8D4-D740-12EF-8FC0ED54C3B0}") = "UnityTBG", "Assembly-CSharp.csproj", "{E70BC817-8D73-BE02-0E48-3D01D3F1BFD4}"
EndProject
Project("{7231D4A5-F8D4-D740-12EF-8FC0ED54C3B0}") = "UnityTBG", "Assembly-UnityScript-firstpass.unityproj", "{F0860CD4-2890-F7A4-6FFC-5782BD754AC5}"
EndProject
Project("{7231D4A5-F8D4-D740-12EF-8FC0ED54C3B0}") = "UnityTBG", "Assembly-UnityScript.unityproj", "{4538B29C-A4F7-2BBE-21ED-622963850EBF}"
EndProject
Global
	GlobalSection(SolutionConfigurationPlatforms) = preSolution
		Debug|Any CPU = Debug|Any CPU
		Release|Any CPU = Release|Any CPU
	EndGlobalSection
	GlobalSection(ProjectConfigurationPlatforms) = postSolution
		{95C9AE57-09CC-7545-326B-7AFB048489A5}.Debug|Any CPU.ActiveCfg = Debug|Any CPU
		{95C9AE57-09CC-7545-326B-7AFB048489A5}.Debug|Any CPU.Build.0 = Debug|Any CPU
		{95C9AE57-09CC-7545-326B-7AFB048489A5}.Release|Any CPU.ActiveCfg = Release|Any CPU
		{95C9AE57-09CC-7545-326B-7AFB048489A5}.Release|Any CPU.Build.0 = Release|Any CPU
		{E70BC817-8D73-BE02-0E48-3D01D3F1BFD4}.Debug|Any CPU.ActiveCfg = Debug|Any CPU
		{E70BC817-8D73-BE02-0E48-3D01D3F1BFD4}.Debug|Any CPU.Build.0 = Debug|Any CPU
		{E70BC817-8D73-BE02-0E48-3D01D3F1BFD4}.Release|Any CPU.ActiveCfg = Release|Any CPU
		{E70BC817-8D73-BE02-0E48-3D01D3F1BFD4}.Release|Any CPU.Build.0 = Release|Any CPU
		{F0860CD4-2890-F7A4-6FFC-5782BD754AC5}.Debug|Any CPU.ActiveCfg = Debug|Any CPU
		{F0860CD4-2890-F7A4-6FFC-5782BD754AC5}.Debug|Any CPU.Build.0 = Debug|Any CPU
		{F0860CD4-2890-F7A4-6FFC-5782BD754AC5}.Release|Any CPU.ActiveCfg = Release|Any CPU
		{F0860CD4-2890-F7A4-6FFC-5782BD754AC5}.Release|Any CPU.Build.0 = Release|Any CPU
		{4538B29C-A4F7-2BBE-21ED-622963850EBF}.Debug|Any CPU.ActiveCfg = Debug|Any CPU
		{4538B29C-A4F7-2BBE-21ED-622963850EBF}.Debug|Any CPU.Build.0 = Debug|Any CPU
		{4538B29C-A4F7-2BBE-21ED-622963850EBF}.Release|Any CPU.ActiveCfg = Release|Any CPU
		{4538B29C-A4F7-2BBE-21ED-622963850EBF}.Release|Any CPU.Build.0 = Release|Any CPU
	EndGlobalSection
	GlobalSection(SolutionProperties) = preSolution
		HideSolutionNode = FALSE
	EndGlobalSection
						GlobalSection(MonoDevelopProperties) = preSolution
		StartupItem = Assembly-CSharp.csproj
		Policies = $0
		$0.TextStylePolicy = $1
		$1.inheritsSet = null
		$1.scope = text/x-csharp
		$0.CSharpFormattingPolicy = $2
		$2.inheritsSet = Mono
		$2.inheritsScope = text/x-csharp
		$2.scope = text/x-csharp
		$0.TextStylePolicy = $3
		$3.FileWidth = 120
		$3.TabWidth = 4
		$3.EolMarker = Unix
		$3.inheritsSet = Mono
		$3.inheritsScope = text/plain
		$3.scope = text/plain
	EndGlobalSection

EndGlobal
